
Microsoft Visual Studio Solution File, Format Version 12.00
# Visual Studio Version 17
VisualStudioVersion = 17.7.34024.191
MinimumVisualStudioVersion = 10.0.40219.1
Project("{9A19103F-16F7-4668-BE54-9A1E7A4F7556}") = "CSVSorter", "CSVSorter\CSVSorter.csproj", "{5F90F678-FDD6-453C-840F-6482A1C12BAF}"
EndProject
Project("{FAE04EC0-301F-11D3-BF4B-00C04F79EFBC}") = "CSVSorterClassLibrary", "CSVSorterClassLibrary\CSVSorterClassLibrary.csproj", "{7B1CF27D-57AF-4066-8120-AEF719E6885A}"
EndProject
Project("{FAE04EC0-301F-11D3-BF4B-00C04F79EFBC}") = "CSVSorter.Test", "CSVSorter.Test\CSVSorter.Test.csproj", "{49093F16-E25E-45AA-8546-537F96319CAC}"
EndProject
Global
	GlobalSection(SolutionConfigurationPlatforms) = preSolution
		Debug|Any CPU = Debug|Any CPU
		Release|Any CPU = Release|Any CPU
	EndGlobalSection
	GlobalSection(ProjectConfigurationPlatforms) = postSolution
		{5F90F678-FDD6-453C-840F-6482A1C12BAF}.Debug|Any CPU.ActiveCfg = Debug|Any CPU
		{5F90F678-FDD6-453C-840F-6482A1C12BAF}.Debug|Any CPU.Build.0 = Debug|Any CPU
		{5F90F678-FDD6-453C-840F-6482A1C12BAF}.Release|Any CPU.ActiveCfg = Release|Any CPU
		{5F90F678-FDD6-453C-840F-6482A1C12BAF}.Release|Any CPU.Build.0 = Release|Any CPU
		{7B1CF27D-57AF-4066-8120-AEF719E6885A}.Debug|Any CPU.ActiveCfg = Debug|Any CPU
		{7B1CF27D-57AF-4066-8120-AEF719E6885A}.Debug|Any CPU.Build.0 = Debug|Any CPU
		{7B1CF27D-57AF-4066-8120-AEF719E6885A}.Release|Any CPU.ActiveCfg = Release|Any CPU
		{7B1CF27D-57AF-4066-8120-AEF719E6885A}.Release|Any CPU.Build.0 = Release|Any CPU
		{49093F16-E25E-45AA-8546-537F96319CAC}.Debug|Any CPU.ActiveCfg = Debug|Any CPU
		{49093F16-E25E-45AA-8546-537F96319CAC}.Debug|Any CPU.Build.0 = Debug|Any CPU
		{49093F16-E25E-45AA-8546-537F96319CAC}.Release|Any CPU.ActiveCfg = Release|Any CPU
		{49093F16-E25E-45AA-8546-537F96319CAC}.Release|Any CPU.Build.0 = Release|Any CPU
	EndGlobalSection
	GlobalSection(SolutionProperties) = preSolution
		HideSolutionNode = FALSE
	EndGlobalSection
	GlobalSection(ExtensibilityGlobals) = postSolution
		SolutionGuid = {421B24D4-B88B-4260-929E-082EAA72BD73}
	EndGlobalSection
EndGlobal
